
Microsoft Visual Studio Solution File, Format Version 12.00
# Visual Studio Version 16
VisualStudioVersion = 16.0.30022.101
MinimumVisualStudioVersion = 10.0.40219.1
Project("{9A19103F-16F7-4668-BE54-9A1E7A4F7556}") = "futd_not_checking_embedded_resources", "futd_not_checking_embedded_resources\futd_not_checking_embedded_resources.csproj", "{D2074A9E-EB3C-4182-A2EB-835EDB3B4EF1}"
EndProject
Global
	GlobalSection(SolutionConfigurationPlatforms) = preSolution
		Debug|Any CPU = Debug|Any CPU
		Release|Any CPU = Release|Any CPU
	EndGlobalSection
	GlobalSection(ProjectConfigurationPlatforms) = postSolution
		{D2074A9E-EB3C-4182-A2EB-835EDB3B4EF1}.Debug|Any CPU.ActiveCfg = Debug|Any CPU
		{D2074A9E-EB3C-4182-A2EB-835EDB3B4EF1}.Debug|Any CPU.Build.0 = Debug|Any CPU
		{D2074A9E-EB3C-4182-A2EB-835EDB3B4EF1}.Release|Any CPU.ActiveCfg = Release|Any CPU
		{D2074A9E-EB3C-4182-A2EB-835EDB3B4EF1}.Release|Any CPU.Build.0 = Release|Any CPU
	EndGlobalSection
	GlobalSection(SolutionProperties) = preSolution
		HideSolutionNode = FALSE
	EndGlobalSection
	GlobalSection(ExtensibilityGlobals) = postSolution
		SolutionGuid = {627C89EE-DE28-42B8-A1BE-45B66DFA11CE}
	EndGlobalSection
EndGlobal
